
Microsoft Visual Studio Solution File, Format Version 12.00
# Visual Studio Version 17
VisualStudioVersion = 17.0.31919.166
MinimumVisualStudioVersion = 10.0.40219.1
Project("{2150E333-8FDC-42A3-9474-1A3956D46DE8}") = "src", "src", "{1E695EC9-07CB-4368-82CC-129D95E87908}"
EndProject
Project("{2150E333-8FDC-42A3-9474-1A3956D46DE8}") = "Building Blocks", "Building Blocks", "{0BDD8D69-189F-4F85-877C-EEE4AD0E1FDA}"
EndProject
Project("{2150E333-8FDC-42A3-9474-1A3956D46DE8}") = "Services", "Services", "{1AAFF599-98B3-4091-A8D9-EEE7B0CD4D82}"
EndProject
Project("{2150E333-8FDC-42A3-9474-1A3956D46DE8}") = "Web", "Web", "{09A03AE6-A2C0-472C-B593-4547A2FDF84B}"
EndProject
Project("{2150E333-8FDC-42A3-9474-1A3956D46DE8}") = "Identidade", "Identidade", "{02F4458E-3F4F-4F7E-9390-435851D1FAB3}"
EndProject
Project("{9A19103F-16F7-4668-BE54-9A1E7A4F7556}") = "NSE.Identidade.API", "src\services\NSE.Identidade.API\NSE.Identidade.API.csproj", "{A296C135-CD3E-400F-A49B-5C5FD9091010}"
EndProject
Project("{2150E333-8FDC-42A3-9474-1A3956D46DE8}") = "MVC", "MVC", "{026C86F1-0DD2-43E2-B7D5-27291003EEB9}"
EndProject
Project("{9A19103F-16F7-4668-BE54-9A1E7A4F7556}") = "NSE.WebApp.MVC", "src\web\NSE.WebApp.MVC\NSE.WebApp.MVC.csproj", "{622789ED-91A5-404D-B628-C39D7F6A6AB8}"
EndProject
Project("{2150E333-8FDC-42A3-9474-1A3956D46DE8}") = "Core", "Core", "{678AB340-79DA-4615-A48A-290F9F56EAFA}"
EndProject
Project("{9A19103F-16F7-4668-BE54-9A1E7A4F7556}") = "NSE.Core", "src\building blocks\NSE.Core\NSE.Core.csproj", "{5A796682-24FF-4A0B-957E-5EA47B62EFCA}"
EndProject
Project("{9A19103F-16F7-4668-BE54-9A1E7A4F7556}") = "NSE.Carrinho.API", "src\services\NSE.Carrinho.API\NSE.Carrinho.API.csproj", "{887A3C8A-E6DE-497A-B7D0-E596BE8A131B}"
EndProject
Project("{2150E333-8FDC-42A3-9474-1A3956D46DE8}") = "Carrinho", "Carrinho", "{D0647F4D-F1FA-46B5-B972-E39304F4F380}"
EndProject
Project("{2150E333-8FDC-42A3-9474-1A3956D46DE8}") = "Catalogo", "Catalogo", "{C3D89E2D-2D60-4EE2-A767-DD0C292C928C}"
EndProject
Project("{9A19103F-16F7-4668-BE54-9A1E7A4F7556}") = "NSE.Catalago.API", "src\services\NSE.Catalago.API\NSE.Catalago.API.csproj", "{3B7304CE-35CF-4CCB-9301-838397CD2BA5}"
EndProject
Project("{2150E333-8FDC-42A3-9474-1A3956D46DE8}") = "Cliente", "Cliente", "{BF42281C-5D40-4724-9600-F96AA638FC24}"
EndProject
Project("{9A19103F-16F7-4668-BE54-9A1E7A4F7556}") = "NSE.ClIente.API", "src\services\NSE.ClIente.API\NSE.ClIente.API.csproj", "{74D37393-C822-4553-A31B-564F23587B48}"
EndProject
Project("{2150E333-8FDC-42A3-9474-1A3956D46DE8}") = "Pagamento", "Pagamento", "{7195B90D-3D59-41C4-BFD3-DA1EAE1BDB06}"
EndProject
Project("{2150E333-8FDC-42A3-9474-1A3956D46DE8}") = "Pedido", "Pedido", "{BFC47346-F3FD-4D9F-B0BC-9B1B2D6B47B7}"
EndProject
Project("{9A19103F-16F7-4668-BE54-9A1E7A4F7556}") = "NSE.Pagamento.API", "src\services\NSE.Pagamento.API\NSE.Pagamento.API.csproj", "{E83C92A3-77B6-4398-81B6-2E20EABF7B62}"
EndProject
Project("{9A19103F-16F7-4668-BE54-9A1E7A4F7556}") = "NSE.Pedido.API", "src\services\NSE.Pedido.API\NSE.Pedido.API.csproj", "{674EDE86-4DD1-4711-BF41-5FD6C254133C}"
EndProject
Project("{2150E333-8FDC-42A3-9474-1A3956D46DE8}") = "Services", "Services", "{CDCA0C5C-EBF1-44E5-A54B-8BBE4E9F2F14}"
EndProject
Project("{FAE04EC0-301F-11D3-BF4B-00C04F79EFBC}") = "NSE.WebAPI.Core", "src\building blocks\NSE.WebAPI.Core\NSE.WebAPI.Core.csproj", "{090F3773-6F70-435E-983B-E922C7089B22}"
EndProject
Global
	GlobalSection(SolutionConfigurationPlatforms) = preSolution
		Debug|Any CPU = Debug|Any CPU
		Release|Any CPU = Release|Any CPU
	EndGlobalSection
	GlobalSection(ProjectConfigurationPlatforms) = postSolution
		{A296C135-CD3E-400F-A49B-5C5FD9091010}.Debug|Any CPU.ActiveCfg = Debug|Any CPU
		{A296C135-CD3E-400F-A49B-5C5FD9091010}.Debug|Any CPU.Build.0 = Debug|Any CPU
		{A296C135-CD3E-400F-A49B-5C5FD9091010}.Release|Any CPU.ActiveCfg = Release|Any CPU
		{A296C135-CD3E-400F-A49B-5C5FD9091010}.Release|Any CPU.Build.0 = Release|Any CPU
		{622789ED-91A5-404D-B628-C39D7F6A6AB8}.Debug|Any CPU.ActiveCfg = Debug|Any CPU
		{622789ED-91A5-404D-B628-C39D7F6A6AB8}.Debug|Any CPU.Build.0 = Debug|Any CPU
		{622789ED-91A5-404D-B628-C39D7F6A6AB8}.Release|Any CPU.ActiveCfg = Release|Any CPU
		{622789ED-91A5-404D-B628-C39D7F6A6AB8}.Release|Any CPU.Build.0 = Release|Any CPU
		{5A796682-24FF-4A0B-957E-5EA47B62EFCA}.Debug|Any CPU.ActiveCfg = Debug|Any CPU
		{5A796682-24FF-4A0B-957E-5EA47B62EFCA}.Debug|Any CPU.Build.0 = Debug|Any CPU
		{5A796682-24FF-4A0B-957E-5EA47B62EFCA}.Release|Any CPU.ActiveCfg = Release|Any CPU
		{5A796682-24FF-4A0B-957E-5EA47B62EFCA}.Release|Any CPU.Build.0 = Release|Any CPU
		{887A3C8A-E6DE-497A-B7D0-E596BE8A131B}.Debug|Any CPU.ActiveCfg = Debug|Any CPU
		{887A3C8A-E6DE-497A-B7D0-E596BE8A131B}.Debug|Any CPU.Build.0 = Debug|Any CPU
		{887A3C8A-E6DE-497A-B7D0-E596BE8A131B}.Release|Any CPU.ActiveCfg = Release|Any CPU
		{887A3C8A-E6DE-497A-B7D0-E596BE8A131B}.Release|Any CPU.Build.0 = Release|Any CPU
		{3B7304CE-35CF-4CCB-9301-838397CD2BA5}.Debug|Any CPU.ActiveCfg = Debug|Any CPU
		{3B7304CE-35CF-4CCB-9301-838397CD2BA5}.Debug|Any CPU.Build.0 = Debug|Any CPU
		{3B7304CE-35CF-4CCB-9301-838397CD2BA5}.Release|Any CPU.ActiveCfg = Release|Any CPU
		{3B7304CE-35CF-4CCB-9301-838397CD2BA5}.Release|Any CPU.Build.0 = Release|Any CPU
		{74D37393-C822-4553-A31B-564F23587B48}.Debug|Any CPU.ActiveCfg = Debug|Any CPU
		{74D37393-C822-4553-A31B-564F23587B48}.Debug|Any CPU.Build.0 = Debug|Any CPU
		{74D37393-C822-4553-A31B-564F23587B48}.Release|Any CPU.ActiveCfg = Release|Any CPU
		{74D37393-C822-4553-A31B-564F23587B48}.Release|Any CPU.Build.0 = Release|Any CPU
		{E83C92A3-77B6-4398-81B6-2E20EABF7B62}.Debug|Any CPU.ActiveCfg = Debug|Any CPU
		{E83C92A3-77B6-4398-81B6-2E20EABF7B62}.Debug|Any CPU.Build.0 = Debug|Any CPU
		{E83C92A3-77B6-4398-81B6-2E20EABF7B62}.Release|Any CPU.ActiveCfg = Release|Any CPU
		{E83C92A3-77B6-4398-81B6-2E20EABF7B62}.Release|Any CPU.Build.0 = Release|Any CPU
		{674EDE86-4DD1-4711-BF41-5FD6C254133C}.Debug|Any CPU.ActiveCfg = Debug|Any CPU
		{674EDE86-4DD1-4711-BF41-5FD6C254133C}.Debug|Any CPU.Build.0 = Debug|Any CPU
		{674EDE86-4DD1-4711-BF41-5FD6C254133C}.Release|Any CPU.ActiveCfg = Release|Any CPU
		{674EDE86-4DD1-4711-BF41-5FD6C254133C}.Release|Any CPU.Build.0 = Release|Any CPU
		{090F3773-6F70-435E-983B-E922C7089B22}.Debug|Any CPU.ActiveCfg = Debug|Any CPU
		{090F3773-6F70-435E-983B-E922C7089B22}.Debug|Any CPU.Build.0 = Debug|Any CPU
		{090F3773-6F70-435E-983B-E922C7089B22}.Release|Any CPU.ActiveCfg = Release|Any CPU
		{090F3773-6F70-435E-983B-E922C7089B22}.Release|Any CPU.Build.0 = Release|Any CPU
	EndGlobalSection
	GlobalSection(SolutionProperties) = preSolution
		HideSolutionNode = FALSE
	EndGlobalSection
	GlobalSection(NestedProjects) = preSolution
		{0BDD8D69-189F-4F85-877C-EEE4AD0E1FDA} = {1E695EC9-07CB-4368-82CC-129D95E87908}
		{1AAFF599-98B3-4091-A8D9-EEE7B0CD4D82} = {1E695EC9-07CB-4368-82CC-129D95E87908}
		{09A03AE6-A2C0-472C-B593-4547A2FDF84B} = {1E695EC9-07CB-4368-82CC-129D95E87908}
		{02F4458E-3F4F-4F7E-9390-435851D1FAB3} = {1AAFF599-98B3-4091-A8D9-EEE7B0CD4D82}
		{A296C135-CD3E-400F-A49B-5C5FD9091010} = {02F4458E-3F4F-4F7E-9390-435851D1FAB3}
		{026C86F1-0DD2-43E2-B7D5-27291003EEB9} = {09A03AE6-A2C0-472C-B593-4547A2FDF84B}
		{622789ED-91A5-404D-B628-C39D7F6A6AB8} = {026C86F1-0DD2-43E2-B7D5-27291003EEB9}
		{678AB340-79DA-4615-A48A-290F9F56EAFA} = {0BDD8D69-189F-4F85-877C-EEE4AD0E1FDA}
		{5A796682-24FF-4A0B-957E-5EA47B62EFCA} = {678AB340-79DA-4615-A48A-290F9F56EAFA}
		{887A3C8A-E6DE-497A-B7D0-E596BE8A131B} = {D0647F4D-F1FA-46B5-B972-E39304F4F380}
		{D0647F4D-F1FA-46B5-B972-E39304F4F380} = {1AAFF599-98B3-4091-A8D9-EEE7B0CD4D82}
		{C3D89E2D-2D60-4EE2-A767-DD0C292C928C} = {1AAFF599-98B3-4091-A8D9-EEE7B0CD4D82}
		{3B7304CE-35CF-4CCB-9301-838397CD2BA5} = {C3D89E2D-2D60-4EE2-A767-DD0C292C928C}
		{BF42281C-5D40-4724-9600-F96AA638FC24} = {1AAFF599-98B3-4091-A8D9-EEE7B0CD4D82}
		{74D37393-C822-4553-A31B-564F23587B48} = {BF42281C-5D40-4724-9600-F96AA638FC24}
		{7195B90D-3D59-41C4-BFD3-DA1EAE1BDB06} = {1AAFF599-98B3-4091-A8D9-EEE7B0CD4D82}
		{BFC47346-F3FD-4D9F-B0BC-9B1B2D6B47B7} = {1AAFF599-98B3-4091-A8D9-EEE7B0CD4D82}
		{E83C92A3-77B6-4398-81B6-2E20EABF7B62} = {7195B90D-3D59-41C4-BFD3-DA1EAE1BDB06}
		{674EDE86-4DD1-4711-BF41-5FD6C254133C} = {BFC47346-F3FD-4D9F-B0BC-9B1B2D6B47B7}
		{CDCA0C5C-EBF1-44E5-A54B-8BBE4E9F2F14} = {0BDD8D69-189F-4F85-877C-EEE4AD0E1FDA}
		{090F3773-6F70-435E-983B-E922C7089B22} = {CDCA0C5C-EBF1-44E5-A54B-8BBE4E9F2F14}
	EndGlobalSection
	GlobalSection(ExtensibilityGlobals) = postSolution
		SolutionGuid = {EFD1161C-2B2B-4BF8-90AC-77DB53CFD609}
	EndGlobalSection
EndGlobal
